
Microsoft Visual Studio Solution File, Format Version 12.00
# Visual Studio Version 16
VisualStudioVersion = 16.0.29230.47
MinimumVisualStudioVersion = 10.0.40219.1
Project("{9A19103F-16F7-4668-BE54-9A1E7A4F7556}") = "TheManager", "TheManager.csproj", "{9AFBF989-ED59-41A3-9EDF-D153E1E2A575}"
EndProject
Global
	GlobalSection(SolutionConfigurationPlatforms) = preSolution
		Debug|Any CPU = Debug|Any CPU
		Release|Any CPU = Release|Any CPU
	EndGlobalSection
	GlobalSection(ProjectConfigurationPlatforms) = postSolution
		{9AFBF989-ED59-41A3-9EDF-D153E1E2A575}.Debug|Any CPU.ActiveCfg = Debug|Any CPU
		{9AFBF989-ED59-41A3-9EDF-D153E1E2A575}.Debug|Any CPU.Build.0 = Debug|Any CPU
		{9AFBF989-ED59-41A3-9EDF-D153E1E2A575}.Release|Any CPU.ActiveCfg = Release|Any CPU
		{9AFBF989-ED59-41A3-9EDF-D153E1E2A575}.Release|Any CPU.Build.0 = Release|Any CPU
	EndGlobalSection
	GlobalSection(SolutionProperties) = preSolution
		HideSolutionNode = FALSE
	EndGlobalSection
	GlobalSection(ExtensibilityGlobals) = postSolution
		SolutionGuid = {3A6E5393-39C3-444F-9D76-2DE00339BFEA}
	EndGlobalSection
EndGlobal
